{
  "version": 4,
  "terraform_version": "1.1.3",
  "serial": 80,
  "lineage": "36acce08-dc72-ba3a-b686-c42681fecb57",
  "outputs": {},
  "resources": [
    {
      "mode": "managed",
      "type": "google_compute_firewall",
      "name": "default-fw",
      "provider": "provider[\"registry.terraform.io/hashicorp/google\"]",
      "instances": [
        {
          "schema_version": 1,
          "attributes": {
            "allow": [
              {
                "ports": [
                  "80",
                  "22"
                ],
                "protocol": "tcp"
              }
            ],
            "creation_timestamp": "2022-01-14T12:47:24.288-08:00",
            "deny": [],
            "description": "",
            "destination_ranges": [],
            "direction": "INGRESS",
            "disabled": false,
            "enable_logging": null,
            "id": "projects/gcp-gke-project-338217/global/firewalls/test-firewall",
            "log_config": [],
            "name": "test-firewall",
            "network": "https://www.googleapis.com/compute/v1/projects/gcp-gke-project-338217/global/networks/final-vpc",
            "priority": 1000,
            "project": "gcp-gke-project-338217",
            "self_link": "https://www.googleapis.com/compute/v1/projects/gcp-gke-project-338217/global/firewalls/test-firewall",
            "source_ranges": [
              "35.235.240.0/20"
            ],
            "source_service_accounts": null,
            "source_tags": null,
            "target_service_accounts": null,
            "target_tags": null,
            "timeouts": null
          },
          "sensitive_attributes": [],
          "private": "eyJlMmJmYjczMC1lY2FhLTExZTYtOGY4OC0zNDM2M2JjN2M0YzAiOnsiY3JlYXRlIjoyNDAwMDAwMDAwMDAsImRlbGV0ZSI6MjQwMDAwMDAwMDAwLCJ1cGRhdGUiOjI0MDAwMDAwMDAwMH0sInNjaGVtYV92ZXJzaW9uIjoiMSJ9",
          "dependencies": [
            "google_compute_network.final_vpc"
          ]
        }
      ]
    },
    {
      "mode": "managed",
      "type": "google_compute_instance",
      "name": "managementinstance",
      "provider": "provider[\"registry.terraform.io/hashicorp/google\"]",
      "instances": [
        {
          "schema_version": 6,
          "attributes": {
            "advanced_machine_features": [],
            "allow_stopping_for_update": null,
            "attached_disk": [],
            "boot_disk": [
              {
                "auto_delete": true,
                "device_name": "persistent-disk-0",
                "disk_encryption_key_raw": "",
                "disk_encryption_key_sha256": "",
                "initialize_params": [
                  {
                    "image": "https://www.googleapis.com/compute/v1/projects/debian-cloud/global/images/debian-9-stretch-v20211209",
                    "labels": {},
                    "size": 10,
                    "type": "pd-standard"
                  }
                ],
                "kms_key_self_link": "",
                "mode": "READ_WRITE",
                "source": "https://www.googleapis.com/compute/v1/projects/gcp-gke-project-338217/zones/europe-west1-b/disks/management-vm"
              }
            ],
            "can_ip_forward": false,
            "confidential_instance_config": [],
            "cpu_platform": "Intel Broadwell",
            "current_status": "RUNNING",
            "deletion_protection": false,
            "description": "",
            "desired_status": null,
            "enable_display": false,
            "guest_accelerator": [],
            "hostname": "",
            "id": "projects/gcp-gke-project-338217/zones/europe-west1-b/instances/management-vm",
            "instance_id": "1964450768032128922",
            "label_fingerprint": "42WmSpB8rSM=",
            "labels": null,
            "machine_type": "e2-micro",
            "metadata": null,
            "metadata_fingerprint": "5EQdb161_Yk=",
            "metadata_startup_script": null,
            "min_cpu_platform": "",
            "name": "management-vm",
            "network_interface": [
              {
                "access_config": [],
                "alias_ip_range": [],
                "ipv6_access_config": [],
                "ipv6_access_type": "",
                "name": "nic0",
                "network": "https://www.googleapis.com/compute/v1/projects/gcp-gke-project-338217/global/networks/final-vpc",
                "network_ip": "10.0.10.2",
                "nic_type": "",
                "queue_count": 0,
                "stack_type": "IPV4_ONLY",
                "subnetwork": "https://www.googleapis.com/compute/v1/projects/gcp-gke-project-338217/regions/europe-west1/subnetworks/management-subnet",
                "subnetwork_project": "gcp-gke-project-338217"
              }
            ],
            "project": "gcp-gke-project-338217",
            "reservation_affinity": [],
            "resource_policies": null,
            "scheduling": [
              {
                "automatic_restart": true,
                "min_node_cpus": 0,
                "node_affinities": [],
                "on_host_maintenance": "MIGRATE",
                "preemptible": false
              }
            ],
            "scratch_disk": [],
            "self_link": "https://www.googleapis.com/compute/v1/projects/gcp-gke-project-338217/zones/europe-west1-b/instances/management-vm",
            "service_account": [
              {
                "email": "instance-service-account-id@gcp-gke-project-338217.iam.gserviceaccount.com",
                "scopes": [
                  "https://www.googleapis.com/auth/cloud-platform"
                ]
              }
            ],
            "shielded_instance_config": [],
            "tags": null,
            "tags_fingerprint": "42WmSpB8rSM=",
            "timeouts": null,
            "zone": "europe-west1-b"
          },
          "sensitive_attributes": [],
          "private": "eyJlMmJmYjczMC1lY2FhLTExZTYtOGY4OC0zNDM2M2JjN2M0YzAiOnsiY3JlYXRlIjoxMjAwMDAwMDAwMDAwLCJkZWxldGUiOjEyMDAwMDAwMDAwMDAsInVwZGF0ZSI6MTIwMDAwMDAwMDAwMH0sInNjaGVtYV92ZXJzaW9uIjoiNiJ9",
          "dependencies": [
            "google_compute_network.final_vpc",
            "google_compute_subnetwork.management",
            "google_service_account.instance_sarvice"
          ]
        }
      ]
    },
    {
      "mode": "managed",
      "type": "google_compute_network",
      "name": "final_vpc",
      "provider": "provider[\"registry.terraform.io/hashicorp/google\"]",
      "instances": [
        {
          "schema_version": 0,
          "attributes": {
            "auto_create_subnetworks": false,
            "delete_default_routes_on_create": false,
            "description": "",
            "gateway_ipv4": "",
            "id": "projects/gcp-gke-project-338217/global/networks/final-vpc",
            "mtu": 0,
            "name": "final-vpc",
            "project": "gcp-gke-project-338217",
            "routing_mode": "REGIONAL",
            "self_link": "https://www.googleapis.com/compute/v1/projects/gcp-gke-project-338217/global/networks/final-vpc",
            "timeouts": null
          },
          "sensitive_attributes": [],
          "private": "eyJlMmJmYjczMC1lY2FhLTExZTYtOGY4OC0zNDM2M2JjN2M0YzAiOnsiY3JlYXRlIjoyNDAwMDAwMDAwMDAsImRlbGV0ZSI6MjQwMDAwMDAwMDAwLCJ1cGRhdGUiOjI0MDAwMDAwMDAwMH19"
        }
      ]
    },
    {
      "mode": "managed",
      "type": "google_compute_router",
      "name": "final_router",
      "provider": "provider[\"registry.terraform.io/hashicorp/google\"]",
      "instances": [
        {
          "schema_version": 0,
          "attributes": {
            "bgp": [
              {
                "advertise_mode": "DEFAULT",
                "advertised_groups": null,
                "advertised_ip_ranges": [],
                "asn": 64514
              }
            ],
            "creation_timestamp": "2022-01-14T12:47:48.724-08:00",
            "description": "",
            "encrypted_interconnect_router": false,
            "id": "projects/gcp-gke-project-338217/regions/europe-west1/routers/final-router",
            "name": "final-router",
            "network": "https://www.googleapis.com/compute/v1/projects/gcp-gke-project-338217/global/networks/final-vpc",
            "project": "gcp-gke-project-338217",
            "region": "europe-west1",
            "self_link": "https://www.googleapis.com/compute/v1/projects/gcp-gke-project-338217/regions/europe-west1/routers/final-router",
            "timeouts": null
          },
          "sensitive_attributes": [],
          "private": "eyJlMmJmYjczMC1lY2FhLTExZTYtOGY4OC0zNDM2M2JjN2M0YzAiOnsiY3JlYXRlIjoyNDAwMDAwMDAwMDAsImRlbGV0ZSI6MjQwMDAwMDAwMDAwLCJ1cGRhdGUiOjI0MDAwMDAwMDAwMH19",
          "dependencies": [
            "google_compute_network.final_vpc",
            "google_compute_subnetwork.management"
          ]
        }
      ]
    },
    {
      "mode": "managed",
      "type": "google_compute_router_nat",
      "name": "final_nat_gateway",
      "provider": "provider[\"registry.terraform.io/hashicorp/google\"]",
      "instances": [
        {
          "schema_version": 0,
          "attributes": {
            "drain_nat_ips": null,
            "enable_endpoint_independent_mapping": true,
            "icmp_idle_timeout_sec": 30,
            "id": "gcp-gke-project-338217/europe-west1/final-router/final-router-nat",
            "log_config": [],
            "min_ports_per_vm": 0,
            "name": "final-router-nat",
            "nat_ip_allocate_option": "AUTO_ONLY",
            "nat_ips": null,
            "project": "gcp-gke-project-338217",
            "region": "europe-west1",
            "router": "final-router",
            "source_subnetwork_ip_ranges_to_nat": "LIST_OF_SUBNETWORKS",
            "subnetwork": [
              {
                "name": "projects/gcp-gke-project-338217/regions/europe-west1/subnetworks/management-subnet",
                "secondary_ip_range_names": [],
                "source_ip_ranges_to_nat": [
                  "ALL_IP_RANGES"
                ]
              }
            ],
            "tcp_established_idle_timeout_sec": 1200,
            "tcp_transitory_idle_timeout_sec": 30,
            "timeouts": null,
            "udp_idle_timeout_sec": 30
          },
          "sensitive_attributes": [],
          "private": "eyJlMmJmYjczMC1lY2FhLTExZTYtOGY4OC0zNDM2M2JjN2M0YzAiOnsiY3JlYXRlIjo2MDAwMDAwMDAwMDAsImRlbGV0ZSI6NjAwMDAwMDAwMDAwLCJ1cGRhdGUiOjYwMDAwMDAwMDAwMH19",
          "dependencies": [
            "google_compute_network.final_vpc",
            "google_compute_router.final_router",
            "google_compute_subnetwork.management"
          ]
        }
      ]
    },
    {
      "mode": "managed",
      "type": "google_compute_subnetwork",
      "name": "management",
      "provider": "provider[\"registry.terraform.io/hashicorp/google\"]",
      "instances": [
        {
          "schema_version": 0,
          "attributes": {
            "creation_timestamp": "2022-01-14T12:47:24.915-08:00",
            "description": "",
            "external_ipv6_prefix": "",
            "fingerprint": null,
            "gateway_address": "10.0.10.1",
            "id": "projects/gcp-gke-project-338217/regions/europe-west1/subnetworks/management-subnet",
            "ip_cidr_range": "10.0.10.0/24",
            "ipv6_access_type": "",
            "ipv6_cidr_range": "",
            "log_config": [],
            "name": "management-subnet",
            "network": "https://www.googleapis.com/compute/v1/projects/gcp-gke-project-338217/global/networks/final-vpc",
            "private_ip_google_access": false,
            "private_ipv6_google_access": "DISABLE_GOOGLE_ACCESS",
            "project": "gcp-gke-project-338217",
            "purpose": "PRIVATE",
            "region": "europe-west1",
            "role": "",
            "secondary_ip_range": [],
            "self_link": "https://www.googleapis.com/compute/v1/projects/gcp-gke-project-338217/regions/europe-west1/subnetworks/management-subnet",
            "stack_type": "IPV4_ONLY",
            "timeouts": null
          },
          "sensitive_attributes": [],
          "private": "eyJlMmJmYjczMC1lY2FhLTExZTYtOGY4OC0zNDM2M2JjN2M0YzAiOnsiY3JlYXRlIjozNjAwMDAwMDAwMDAsImRlbGV0ZSI6MzYwMDAwMDAwMDAwLCJ1cGRhdGUiOjM2MDAwMDAwMDAwMH19",
          "dependencies": [
            "google_compute_network.final_vpc"
          ]
        }
      ]
    },
    {
      "mode": "managed",
      "type": "google_compute_subnetwork",
      "name": "restricted",
      "provider": "provider[\"registry.terraform.io/hashicorp/google\"]",
      "instances": [
        {
          "schema_version": 0,
          "attributes": {
            "creation_timestamp": "2022-01-14T12:47:26.507-08:00",
            "description": "",
            "external_ipv6_prefix": "",
            "fingerprint": null,
            "gateway_address": "10.0.11.1",
            "id": "projects/gcp-gke-project-338217/regions/europe-west1/subnetworks/restricted-subnet",
            "ip_cidr_range": "10.0.11.0/24",
            "ipv6_access_type": "",
            "ipv6_cidr_range": "",
            "log_config": [],
            "name": "restricted-subnet",
            "network": "https://www.googleapis.com/compute/v1/projects/gcp-gke-project-338217/global/networks/final-vpc",
            "private_ip_google_access": false,
            "private_ipv6_google_access": "DISABLE_GOOGLE_ACCESS",
            "project": "gcp-gke-project-338217",
            "purpose": "PRIVATE",
            "region": "europe-west1",
            "role": "",
            "secondary_ip_range": [],
            "self_link": "https://www.googleapis.com/compute/v1/projects/gcp-gke-project-338217/regions/europe-west1/subnetworks/restricted-subnet",
            "stack_type": "IPV4_ONLY",
            "timeouts": null
          },
          "sensitive_attributes": [],
          "private": "eyJlMmJmYjczMC1lY2FhLTExZTYtOGY4OC0zNDM2M2JjN2M0YzAiOnsiY3JlYXRlIjozNjAwMDAwMDAwMDAsImRlbGV0ZSI6MzYwMDAwMDAwMDAwLCJ1cGRhdGUiOjM2MDAwMDAwMDAwMH19",
          "dependencies": [
            "google_compute_network.final_vpc"
          ]
        }
      ]
    },
    {
      "mode": "managed",
      "type": "google_container_cluster",
      "name": "final_cluster",
      "provider": "provider[\"registry.terraform.io/hashicorp/google\"]",
      "instances": [
        {
          "schema_version": 1,
          "attributes": {
            "addons_config": [
              {
                "cloudrun_config": [],
                "horizontal_pod_autoscaling": [],
                "http_load_balancing": [],
                "network_policy_config": [
                  {
                    "disabled": true
                  }
                ]
              }
            ],
            "authenticator_groups_config": [],
            "cluster_autoscaling": [
              {
                "auto_provisioning_defaults": [],
                "enabled": false,
                "resource_limits": []
              }
            ],
            "cluster_ipv4_cidr": "10.160.152.0/21",
            "confidential_nodes": [],
            "database_encryption": [
              {
                "key_name": "",
                "state": "DECRYPTED"
              }
            ],
            "datapath_provider": "",
            "default_max_pods_per_node": 110,
            "default_snat_status": [
              {
                "disabled": false
              }
            ],
            "description": "",
            "enable_autopilot": false,
            "enable_binary_authorization": false,
            "enable_intranode_visibility": false,
            "enable_kubernetes_alpha": false,
            "enable_legacy_abac": false,
            "enable_shielded_nodes": true,
            "enable_tpu": false,
            "endpoint": "172.16.0.2",
            "id": "projects/gcp-gke-project-338217/locations/europe-west1/clusters/final-gke-cluster",
            "initial_node_count": 1,
            "ip_allocation_policy": [
              {
                "cluster_ipv4_cidr_block": "10.160.152.0/21",
                "cluster_secondary_range_name": "gke-final-gke-cluster-pods-bd698c36",
                "services_ipv4_cidr_block": "10.160.160.0/21",
                "services_secondary_range_name": "gke-final-gke-cluster-services-bd698c36"
              }
            ],
            "label_fingerprint": "a9dc16a7",
            "location": "europe-west1",
            "logging_config": [
              {
                "enable_components": [
                  "SYSTEM_COMPONENTS",
                  "WORKLOADS"
                ]
              }
            ],
            "logging_service": "logging.googleapis.com/kubernetes",
            "maintenance_policy": [],
            "master_auth": [
              {
                "client_certificate": "",
                "client_certificate_config": [
                  {
                    "issue_client_certificate": false
                  }
                ],
                "client_key": "",
                "cluster_ca_certificate": "LS0tLS1CRUdJTiBDRVJUSUZJQ0FURS0tLS0tCk1JSUVMVENDQXBXZ0F3SUJBZ0lSQUxKeFFiS0tXRldnL043KzE5VGtXWXd3RFFZSktvWklodmNOQVFFTEJRQXcKTHpFdE1Dc0dBMVVFQXhNa1pETXdZV1kwTkdRdE9UQTBOeTAwTXpnNUxUbGxPR010TkdSaE16WXdZbVF6WmpVdwpNQ0FYRFRJeU1ERXhOREU1TkRjME1sb1lEekl3TlRJd01UQTNNakEwTnpReVdqQXZNUzB3S3dZRFZRUURFeVJrCk16QmhaalEwWkMwNU1EUTNMVFF6T0RrdE9XVTRZeTAwWkdFek5qQmlaRE5tTlRBd2dnR2lNQTBHQ1NxR1NJYjMKRFFFQkFRVUFBNElCandBd2dnR0tBb0lCZ1FEQm5QYkJmYmdqMVJZQzJMcW0zeUFBckhRQ0tSMExtcCsrV29OMApIbGNkQ2Zwa0lOVWEwdXBVaHFCTCtYY04rNzZoSnR0MmZha1llWHJjQkpjRlBmKzhaZXBITHdLWUVJcWxra2tLCklZZ0VCSlpmZVg1K0I5OG5QaU51b3Y0cnV0UDFOUzRTcEYxU0V6enVwRXhSbHpQSTh0bG9MaDlHT3RHaE5tdXIKVWhybm5jTHRWWVRndlRjZUR2RVB1dGRGaHZMaXpyMmdxa1ZvZ0ZiekRvMlo5ZVREQXZvOTh1RzhiU3JxYjZKcwpsSFRZQVVnWFdWeGhGQ2liandvY21uandlUEdvMkZGYndzMFE3WkV0NWk3R3ZqSEhwci95WG94RFdoQllTcStIClo5Wkk0eHU2QW5NNEhTM0IrNE9WZ1doMkkyUXQ3bld0bGRRNWVoS1gzSEswTmlRT1lZdHBvbFdKeFZqY29HcFUKbUNJTk1NdzJmU3pSMExzdDRpZVV1Rmd5YTBjYmF5cE1qNlFJK0ZtcXlEVnhVUFpUdFh0UC9BbVZsYW1mSmNGcgprWXBhWkNyQXE1ZUZqdkE4eVNNOFhycTZmdzJXUWVId0JPZ2wvdTBXSkYrZW9CeUw2TmhGT3RORml3ci8zVUlaCjhGS0ljNnVzb0ZJaERBUXFoWEk4MXRZcStKVUNBd0VBQWFOQ01FQXdEZ1lEVlIwUEFRSC9CQVFEQWdJRU1BOEcKQTFVZEV3RUIvd1FGTUFNQkFmOHdIUVlEVlIwT0JCWUVGS1FZbEdXK0JaUlVKRXhEN0ZCYUVhU0RzTSsvTUEwRwpDU3FHU0liM0RRRUJDd1VBQTRJQmdRQVBFNTVBeks3djZpZnBsYUZQbTN6TFRyQm9WYTlzZ1d6V1ZGWTVvMWMxCmdCVU1OMllmelljY2lCL29yOVNYb29tdjJDUVNwWXVidWxGYnRhV0ppOWVtdm1TRjFIdTRHQVhPUHJTUjNZZjQKbjNXVXVXTENHblplaHVUazNEbXRNMTBkcElLaVlIb2pDbmlOWkJ3eTZHZ3NwZEVuYjYzT0xKeWRUTi9PODRyMQo5cnhHS09hU1kvUjJBK2p2S0dVaE04eHhuM3YzOFdJekdDV0tsd2UvZ08vMzVrQ29ZNWxZVXZzOXJlVkxwdkZkCkM0dDZUNDA3R0RkSWcwRzhPZWRPdXA2MitwYmJFbXl3OGh2dkV0S0lJem9KNHEzWmpLQ0R4TWFocFBpZWZ2VXkKaTBzNWpETWhVUW0zV3EybDJyREZVcm5Cdy9USEhMcGljaDNvVUJMSW5qRUsrWW92NWtYalBXYks0bXlrNkF6WApRRmpueEdHRW53OFZiaGtkQTJwcHF4ZlFTVFA1YjRBZUdsRDBuYThOeWI2OGtuc25TaHBITGtnNEZvUlFSWnczCnNITU5XN0dma0wrNnorL1pPMk5QaU9TblVkc0ZlZUE2Q3BwNHZDbkVtY0UweVRVWVNZZ1kwUFJwRDZQakppVGIKbXNGZG9HWk9kQnM3by9tTUFQSjJEbTQ9Ci0tLS0tRU5EIENFUlRJRklDQVRFLS0tLS0K"
              }
            ],
            "master_authorized_networks_config": [
              {
                "cidr_blocks": [
                  {
                    "cidr_block": "10.0.10.0/24",
                    "display_name": ""
                  }
                ]
              }
            ],
            "master_version": "1.21.5-gke.1302",
            "min_master_version": null,
            "monitoring_config": [
              {
                "enable_components": [
                  "SYSTEM_COMPONENTS"
                ]
              }
            ],
            "monitoring_service": "monitoring.googleapis.com/kubernetes",
            "name": "final-gke-cluster",
            "network": "projects/gcp-gke-project-338217/global/networks/final-vpc",
            "network_policy": [
              {
                "enabled": false,
                "provider": "PROVIDER_UNSPECIFIED"
              }
            ],
            "networking_mode": "VPC_NATIVE",
            "node_config": [],
            "node_locations": [
              "europe-west1-b",
              "europe-west1-c",
              "europe-west1-d"
            ],
            "node_pool": [],
            "node_version": "1.21.5-gke.1302",
            "operation": null,
            "private_cluster_config": [
              {
                "enable_private_endpoint": true,
                "enable_private_nodes": true,
                "master_global_access_config": [
                  {
                    "enabled": false
                  }
                ],
                "master_ipv4_cidr_block": "172.16.0.0/28",
                "peering_name": "gke-ndb14d1476a2f699f531-e11a-09c2-peer",
                "private_endpoint": "172.16.0.2",
                "public_endpoint": "34.77.189.74"
              }
            ],
            "private_ipv6_google_access": "",
            "project": "gcp-gke-project-338217",
            "release_channel": [
              {
                "channel": "REGULAR"
              }
            ],
            "remove_default_node_pool": true,
            "resource_labels": null,
            "resource_usage_export_config": [],
            "self_link": "https://container.googleapis.com/v1/projects/gcp-gke-project-338217/locations/europe-west1/clusters/final-gke-cluster",
            "services_ipv4_cidr": "10.160.160.0/21",
            "subnetwork": "projects/gcp-gke-project-338217/regions/europe-west1/subnetworks/restricted-subnet",
            "timeouts": null,
            "tpu_ipv4_cidr_block": "",
            "vertical_pod_autoscaling": [],
            "workload_identity_config": []
          },
          "sensitive_attributes": [],
          "private": "eyJlMmJmYjczMC1lY2FhLTExZTYtOGY4OC0zNDM2M2JjN2M0YzAiOnsiY3JlYXRlIjoyNDAwMDAwMDAwMDAwLCJkZWxldGUiOjI0MDAwMDAwMDAwMDAsInJlYWQiOjI0MDAwMDAwMDAwMDAsInVwZGF0ZSI6MzYwMDAwMDAwMDAwMH0sInNjaGVtYV92ZXJzaW9uIjoiMSJ9",
          "dependencies": [
            "google_compute_network.final_vpc",
            "google_compute_subnetwork.restricted"
          ]
        }
      ]
    },
    {
      "mode": "managed",
      "type": "google_container_node_pool",
      "name": "final_nodes",
      "provider": "provider[\"registry.terraform.io/hashicorp/google\"]",
      "instances": [
        {
          "schema_version": 1,
          "attributes": {
            "autoscaling": [],
            "cluster": "final-gke-cluster",
            "id": "projects/gcp-gke-project-338217/locations/europe-west1/clusters/final-gke-cluster/nodePools/final-node-pool",
            "initial_node_count": 1,
            "instance_group_urls": [
              "https://www.googleapis.com/compute/v1/projects/gcp-gke-project-338217/zones/europe-west1-b/instanceGroupManagers/gke-final-gke-cluster-final-node-pool-dedc0532-grp",
              "https://www.googleapis.com/compute/v1/projects/gcp-gke-project-338217/zones/europe-west1-c/instanceGroupManagers/gke-final-gke-cluster-final-node-pool-edcb8dd8-grp",
              "https://www.googleapis.com/compute/v1/projects/gcp-gke-project-338217/zones/europe-west1-d/instanceGroupManagers/gke-final-gke-cluster-final-node-pool-db353399-grp"
            ],
            "location": "europe-west1",
            "managed_instance_group_urls": [
              "https://www.googleapis.com/compute/v1/projects/gcp-gke-project-338217/zones/europe-west1-b/instanceGroups/gke-final-gke-cluster-final-node-pool-dedc0532-grp",
              "https://www.googleapis.com/compute/v1/projects/gcp-gke-project-338217/zones/europe-west1-c/instanceGroups/gke-final-gke-cluster-final-node-pool-edcb8dd8-grp",
              "https://www.googleapis.com/compute/v1/projects/gcp-gke-project-338217/zones/europe-west1-d/instanceGroups/gke-final-gke-cluster-final-node-pool-db353399-grp"
            ],
            "management": [
              {
                "auto_repair": true,
                "auto_upgrade": true
              }
            ],
            "max_pods_per_node": 110,
            "name": "final-node-pool",
            "name_prefix": "",
            "node_config": [
              {
                "boot_disk_kms_key": "",
                "disk_size_gb": 100,
                "disk_type": "pd-standard",
                "gcfs_config": [],
                "guest_accelerator": [],
                "image_type": "COS_CONTAINERD",
                "labels": {},
                "local_ssd_count": 0,
                "machine_type": "e2-micro",
                "metadata": {
                  "disable-legacy-endpoints": "true"
                },
                "min_cpu_platform": "",
                "node_group": "",
                "oauth_scopes": [
                  "https://www.googleapis.com/auth/cloud-platform"
                ],
                "preemptible": false,
                "service_account": "service-account-id@gcp-gke-project-338217.iam.gserviceaccount.com",
                "shielded_instance_config": [
                  {
                    "enable_integrity_monitoring": true,
                    "enable_secure_boot": false
                  }
                ],
                "tags": null,
                "taint": [],
                "workload_metadata_config": []
              }
            ],
            "node_count": 1,
            "node_locations": [
              "europe-west1-b",
              "europe-west1-c",
              "europe-west1-d"
            ],
            "operation": null,
            "project": "gcp-gke-project-338217",
            "timeouts": null,
            "upgrade_settings": [
              {
                "max_surge": 1,
                "max_unavailable": 0
              }
            ],
            "version": "1.21.5-gke.1302"
          },
          "sensitive_attributes": [],
          "private": "eyJlMmJmYjczMC1lY2FhLTExZTYtOGY4OC0zNDM2M2JjN2M0YzAiOnsiY3JlYXRlIjoxODAwMDAwMDAwMDAwLCJkZWxldGUiOjE4MDAwMDAwMDAwMDAsInVwZGF0ZSI6MTgwMDAwMDAwMDAwMH0sInNjaGVtYV92ZXJzaW9uIjoiMSJ9",
          "dependencies": [
            "google_compute_network.final_vpc",
            "google_compute_subnetwork.restricted",
            "google_container_cluster.final_cluster",
            "google_service_account.cluster_sarvice"
          ]
        }
      ]
    },
    {
      "mode": "managed",
      "type": "google_project_iam_binding",
      "name": "final_iam_cluster",
      "provider": "provider[\"registry.terraform.io/hashicorp/google\"]",
      "instances": [
        {
          "schema_version": 0,
          "attributes": {
            "condition": [],
            "etag": "BwXVkOiuNg4=",
            "id": "gcp-gke-project-338217/roles/container.admin",
            "members": [
              "serviceAccount:service-account-id@gcp-gke-project-338217.iam.gserviceaccount.com"
            ],
            "project": "gcp-gke-project-338217",
            "role": "roles/container.admin"
          },
          "sensitive_attributes": [],
          "private": "bnVsbA==",
          "dependencies": [
            "google_service_account.cluster_sarvice"
          ]
        }
      ]
    },
    {
      "mode": "managed",
      "type": "google_project_iam_binding",
      "name": "final_project",
      "provider": "provider[\"registry.terraform.io/hashicorp/google\"]",
      "instances": [
        {
          "schema_version": 0,
          "attributes": {
            "condition": [],
            "etag": "BwXVkOiuNg4=",
            "id": "gcp-gke-project-338217/roles/container.admin",
            "members": [
              "serviceAccount:instance-service-account-id@gcp-gke-project-338217.iam.gserviceaccount.com"
            ],
            "project": "gcp-gke-project-338217",
            "role": "roles/container.admin"
          },
          "sensitive_attributes": [],
          "private": "bnVsbA==",
          "dependencies": [
            "google_service_account.instance_sarvice"
          ]
        }
      ]
    },
    {
      "mode": "managed",
      "type": "google_service_account",
      "name": "cluster_sarvice",
      "provider": "provider[\"registry.terraform.io/hashicorp/google\"]",
      "instances": [
        {
          "schema_version": 0,
          "attributes": {
            "account_id": "service-account-id",
            "description": "",
            "disabled": false,
            "display_name": "Service Account",
            "email": "service-account-id@gcp-gke-project-338217.iam.gserviceaccount.com",
            "id": "projects/gcp-gke-project-338217/serviceAccounts/service-account-id@gcp-gke-project-338217.iam.gserviceaccount.com",
            "name": "projects/gcp-gke-project-338217/serviceAccounts/service-account-id@gcp-gke-project-338217.iam.gserviceaccount.com",
            "project": "gcp-gke-project-338217",
            "timeouts": null,
            "unique_id": "117414997498239984702"
          },
          "sensitive_attributes": [],
          "private": "eyJlMmJmYjczMC1lY2FhLTExZTYtOGY4OC0zNDM2M2JjN2M0YzAiOnsiY3JlYXRlIjozMDAwMDAwMDAwMDB9fQ=="
        }
      ]
    },
    {
      "mode": "managed",
      "type": "google_service_account",
      "name": "instance_sarvice",
      "provider": "provider[\"registry.terraform.io/hashicorp/google\"]",
      "instances": [
        {
          "schema_version": 0,
          "attributes": {
            "account_id": "instance-service-account-id",
            "description": "",
            "disabled": false,
            "display_name": "final_Service_Account",
            "email": "instance-service-account-id@gcp-gke-project-338217.iam.gserviceaccount.com",
            "id": "projects/gcp-gke-project-338217/serviceAccounts/instance-service-account-id@gcp-gke-project-338217.iam.gserviceaccount.com",
            "name": "projects/gcp-gke-project-338217/serviceAccounts/instance-service-account-id@gcp-gke-project-338217.iam.gserviceaccount.com",
            "project": "gcp-gke-project-338217",
            "timeouts": null,
            "unique_id": "110861822425679178036"
          },
          "sensitive_attributes": [],
          "private": "eyJlMmJmYjczMC1lY2FhLTExZTYtOGY4OC0zNDM2M2JjN2M0YzAiOnsiY3JlYXRlIjozMDAwMDAwMDAwMDB9fQ=="
        }
      ]
    }
  ]
}
